
Microsoft Visual Studio Solution File, Format Version 12.00
# Visual Studio 15
VisualStudioVersion = 15.0.27130.2036
MinimumVisualStudioVersion = 10.0.40219.1
Project("{9A19103F-16F7-4668-BE54-9A1E7A4F7556}") = "bankka", "bankka\bankka.csproj", "{940BEF29-37F4-4C13-8187-4A19192E0637}"
EndProject
Project("{9A19103F-16F7-4668-BE54-9A1E7A4F7556}") = "bankka.Api", "bankka.Api\bankka.Api.csproj", "{EFC80E9E-2CCA-4AB9-847B-819F00F62F43}"
EndProject
Project("{9A19103F-16F7-4668-BE54-9A1E7A4F7556}") = "bankka.Core", "bankka.Core\bankka.Core.csproj", "{90C0CE17-863D-4799-ADAA-E5B25262C517}"
EndProject
Project("{9A19103F-16F7-4668-BE54-9A1E7A4F7556}") = "bankka.Commands", "bankka.Commands\bankka.Commands.csproj", "{D2BCFA6F-B6AF-430D-9D41-81B6A564FB6F}"
EndProject
Project("{FAE04EC0-301F-11D3-BF4B-00C04F79EFBC}") = "bankka.Loader", "ConsoleApp1\bankka.Loader.csproj", "{1F7918F0-0889-46CF-8A16-0015300D4DD2}"
EndProject
Global
	GlobalSection(SolutionConfigurationPlatforms) = preSolution
		Debug|Any CPU = Debug|Any CPU
		Release|Any CPU = Release|Any CPU
	EndGlobalSection
	GlobalSection(ProjectConfigurationPlatforms) = postSolution
		{940BEF29-37F4-4C13-8187-4A19192E0637}.Debug|Any CPU.ActiveCfg = Debug|Any CPU
		{940BEF29-37F4-4C13-8187-4A19192E0637}.Debug|Any CPU.Build.0 = Debug|Any CPU
		{940BEF29-37F4-4C13-8187-4A19192E0637}.Release|Any CPU.ActiveCfg = Release|Any CPU
		{940BEF29-37F4-4C13-8187-4A19192E0637}.Release|Any CPU.Build.0 = Release|Any CPU
		{EFC80E9E-2CCA-4AB9-847B-819F00F62F43}.Debug|Any CPU.ActiveCfg = Debug|Any CPU
		{EFC80E9E-2CCA-4AB9-847B-819F00F62F43}.Debug|Any CPU.Build.0 = Debug|Any CPU
		{EFC80E9E-2CCA-4AB9-847B-819F00F62F43}.Release|Any CPU.ActiveCfg = Release|Any CPU
		{EFC80E9E-2CCA-4AB9-847B-819F00F62F43}.Release|Any CPU.Build.0 = Release|Any CPU
		{90C0CE17-863D-4799-ADAA-E5B25262C517}.Debug|Any CPU.ActiveCfg = Debug|Any CPU
		{90C0CE17-863D-4799-ADAA-E5B25262C517}.Debug|Any CPU.Build.0 = Debug|Any CPU
		{90C0CE17-863D-4799-ADAA-E5B25262C517}.Release|Any CPU.ActiveCfg = Release|Any CPU
		{90C0CE17-863D-4799-ADAA-E5B25262C517}.Release|Any CPU.Build.0 = Release|Any CPU
		{D2BCFA6F-B6AF-430D-9D41-81B6A564FB6F}.Debug|Any CPU.ActiveCfg = Debug|Any CPU
		{D2BCFA6F-B6AF-430D-9D41-81B6A564FB6F}.Debug|Any CPU.Build.0 = Debug|Any CPU
		{D2BCFA6F-B6AF-430D-9D41-81B6A564FB6F}.Release|Any CPU.ActiveCfg = Release|Any CPU
		{D2BCFA6F-B6AF-430D-9D41-81B6A564FB6F}.Release|Any CPU.Build.0 = Release|Any CPU
		{1F7918F0-0889-46CF-8A16-0015300D4DD2}.Debug|Any CPU.ActiveCfg = Debug|Any CPU
		{1F7918F0-0889-46CF-8A16-0015300D4DD2}.Debug|Any CPU.Build.0 = Debug|Any CPU
		{1F7918F0-0889-46CF-8A16-0015300D4DD2}.Release|Any CPU.ActiveCfg = Release|Any CPU
		{1F7918F0-0889-46CF-8A16-0015300D4DD2}.Release|Any CPU.Build.0 = Release|Any CPU
	EndGlobalSection
	GlobalSection(SolutionProperties) = preSolution
		HideSolutionNode = FALSE
	EndGlobalSection
	GlobalSection(ExtensibilityGlobals) = postSolution
		SolutionGuid = {8E936543-A225-4431-8EF2-59D63E75207F}
	EndGlobalSection
EndGlobal
